{
	"name": "index",
	"lockfileVersion": 3,
	"requires": true,
	"packages": {
		"": {
			"name": "index",
			"peerDependencies": {
				"preact": "*",
				"preact-cancellable-router": "../"
			}
		},
		"..": {
			"name": "preact-cancellable-router",
			"version": "4.1.2",
			"license": "MIT",
			"peer": true,
			"devDependencies": {
				"@babel/plugin-transform-react-jsx": "^7.9.1",
				"@types/jasmine": "^3.10.3",
				"chai": "^4.3.7",
				"eslint": "^6.8.0",
				"eslint-config-preact": "^1.1.1",
				"history": "^5.2.0",
				"husky": "^7.0.2",
				"lint-staged": "^11.1.2",
				"microbundle": "^0.14.2",
				"mocha": "^5.2.0",
				"npm-run-all": "^3.0.0",
				"preact": "^10.16.0",
				"prettier": "^2.3.2",
				"sinon": "^7.1.0",
				"sinon-chai": "^3.7.0",
				"typescript": "^4.9.5",
				"webpack": "^4.42.0"
			},
			"peerDependencies": {
				"preact": ">=10"
			}
		},
		"node_modules/preact": {
			"version": "10.26.4",
			"resolved": "https://registry.npmjs.org/preact/-/preact-10.26.4.tgz",
			"integrity": "sha512-KJhO7LBFTjP71d83trW+Ilnjbo+ySsaAgCfXOXUlmGzJ4ygYPWmysm77yg4emwfmoz3b22yvH5IsVFHbhUaH5w==",
			"license": "MIT",
			"peer": true,
			"funding": {
				"type": "opencollective",
				"url": "https://opencollective.com/preact"
			}
		},
		"node_modules/preact-cancellable-router": {
			"resolved": "..",
			"link": true
		}
	}
}
